// !$*UTF8*$!
{
	archiveVersion = 1;
	classes = {
	};
	objectVersion = 48;
	objects = {

/* Begin PBXBuildFile section */
		10A152FD2044D00A009B8F64 /* AppDelegate.swift in Sources */ = {isa = PBXBuildFile; fileRef = 10A152FC2044D00A009B8F64 /* AppDelegate.swift */; };
		10A152FF2044D00A009B8F64 /* ViewController.swift in Sources */ = {isa = PBXBuildFile; fileRef = 10A152FE2044D00A009B8F64 /* ViewController.swift */; };
		10A153022044D00A009B8F64 /* Main.storyboard in Resources */ = {isa = PBXBuildFile; fileRef = 10A153002044D00A009B8F64 /* Main.storyboard */; };
		10A153042044D00A009B8F64 /* Assets.xcassets in Resources */ = {isa = PBXBuildFile; fileRef = 10A153032044D00A009B8F64 /* Assets.xcassets */; };
		10A153072044D00A009B8F64 /* LaunchScreen.storyboard in Resources */ = {isa = PBXBuildFile; fileRef = 10A153052044D00A009B8F64 /* LaunchScreen.storyboard */; };
		10A153122044D00A009B8F64 /* CanvasTests.swift in Sources */ = {isa = PBXBuildFile; fileRef = 10A153112044D00A009B8F64 /* CanvasTests.swift */; };
		10A1531D2044D00A009B8F64 /* CanvasUITests.swift in Sources */ = {isa = PBXBuildFile; fileRef = 10A1531C2044D00A009B8F64 /* CanvasUITests.swift */; };
		10A1532B2044D216009B8F64 /* CanvasViewController.swift in Sources */ = {isa = PBXBuildFile; fileRef = 10A1532A2044D216009B8F64 /* CanvasViewController.swift */; };
/* End PBXBuildFile section */

/* Begin PBXContainerItemProxy section */
		10A1530E2044D00A009B8F64 /* PBXContainerItemProxy */ = {
			isa = PBXContainerItemProxy;
			containerPortal = 10A152F12044D009009B8F64 /* Project object */;
			proxyType = 1;
			remoteGlobalIDString = 10A152F82044D00A009B8F64;
			remoteInfo = Canvas;
		};
		10A153192044D00A009B8F64 /* PBXContainerItemProxy */ = {
			isa = PBXContainerItemProxy;
			containerPortal = 10A152F12044D009009B8F64 /* Project object */;
			proxyType = 1;
			remoteGlobalIDString = 10A152F82044D00A009B8F64;
			remoteInfo = Canvas;
		};
/* End PBXContainerItemProxy section */

/* Begin PBXFileReference section */
		10A152F92044D00A009B8F64 /* Canvas.app */ = {isa = PBXFileReference; explicitFileType = wrapper.application; includeInIndex = 0; path = Canvas.app; sourceTree = BUILT_PRODUCTS_DIR; };
		10A152FC2044D00A009B8F64 /* AppDelegate.swift */ = {isa = PBXFileReference; lastKnownFileType = sourcecode.swift; path = AppDelegate.swift; sourceTree = "<group>"; };
		10A152FE2044D00A009B8F64 /* ViewController.swift */ = {isa = PBXFileReference; lastKnownFileType = sourcecode.swift; path = ViewController.swift; sourceTree = "<group>"; };
		10A153012044D00A009B8F64 /* Base */ = {isa = PBXFileReference; lastKnownFileType = file.storyboard; name = Base; path = Base.lproj/Main.storyboard; sourceTree = "<group>"; };
		10A153032044D00A009B8F64 /* Assets.xcassets */ = {isa = PBXFileReference; lastKnownFileType = folder.assetcatalog; path = Assets.xcassets; sourceTree = "<group>"; };
		10A153062044D00A009B8F64 /* Base */ = {isa = PBXFileReference; lastKnownFileType = file.storyboard; name = Base; path = Base.lproj/LaunchScreen.storyboard; sourceTree = "<group>"; };
		10A153082044D00A009B8F64 /* Info.plist */ = {isa = PBXFileReference; lastKnownFileType = text.plist.xml; path = Info.plist; sourceTree = "<group>"; };
		10A1530D2044D00A009B8F64 /* CanvasTests.xctest */ = {isa = PBXFileReference; explicitFileType = wrapper.cfbundle; includeInIndex = 0; path = CanvasTests.xctest; sourceTree = BUILT_PRODUCTS_DIR; };
		10A153112044D00A009B8F64 /* CanvasTests.swift */ = {isa = PBXFileReference; lastKnownFileType = sourcecode.swift; path = CanvasTests.swift; sourceTree = "<group>"; };
		10A153132044D00A009B8F64 /* Info.plist */ = {isa = PBXFileReference; lastKnownFileType = text.plist.xml; path = Info.plist; sourceTree = "<group>"; };
		10A153182044D00A009B8F64 /* CanvasUITests.xctest */ = {isa = PBXFileReference; explicitFileType = wrapper.cfbundle; includeInIndex = 0; path = CanvasUITests.xctest; sourceTree = BUILT_PRODUCTS_DIR; };
		10A1531C2044D00A009B8F64 /* CanvasUITests.swift */ = {isa = PBXFileReference; lastKnownFileType = sourcecode.swift; path = CanvasUITests.swift; sourceTree = "<group>"; };
		10A1531E2044D00A009B8F64 /* Info.plist */ = {isa = PBXFileReference; lastKnownFileType = text.plist.xml; path = Info.plist; sourceTree = "<group>"; };
		10A1532A2044D216009B8F64 /* CanvasViewController.swift */ = {isa = PBXFileReference; lastKnownFileType = sourcecode.swift; path = CanvasViewController.swift; sourceTree = "<group>"; };
/* End PBXFileReference section */

/* Begin PBXFrameworksBuildPhase section */
		10A152F62044D00A009B8F64 /* Frameworks */ = {
			isa = PBXFrameworksBuildPhase;
			buildActionMask = 2147483647;
			files = (
			);
			runOnlyForDeploymentPostprocessing = 0;
		};
		10A1530A2044D00A009B8F64 /* Frameworks */ = {
			isa = PBXFrameworksBuildPhase;
			buildActionMask = 2147483647;
			files = (
			);
			runOnlyForDeploymentPostprocessing = 0;
		};
		10A153152044D00A009B8F64 /* Frameworks */ = {
			isa = PBXFrameworksBuildPhase;
			buildActionMask = 2147483647;
			files = (
			);
			runOnlyForDeploymentPostprocessing = 0;
		};
/* End PBXFrameworksBuildPhase section */

/* Begin PBXGroup section */
		10A152F02044D009009B8F64 = {
			isa = PBXGroup;
			children = (
				10A152FB2044D00A009B8F64 /* Canvas */,
				10A153102044D00A009B8F64 /* CanvasTests */,
				10A1531B2044D00A009B8F64 /* CanvasUITests */,
				10A152FA2044D00A009B8F64 /* Products */,
			);
			sourceTree = "<group>";
		};
		10A152FA2044D00A009B8F64 /* Products */ = {
			isa = PBXGroup;
			children = (
				10A152F92044D00A009B8F64 /* Canvas.app */,
				10A1530D2044D00A009B8F64 /* CanvasTests.xctest */,
				10A153182044D00A009B8F64 /* CanvasUITests.xctest */,
			);
			name = Products;
			sourceTree = "<group>";
		};
		10A152FB2044D00A009B8F64 /* Canvas */ = {
			isa = PBXGroup;
			children = (
				10A152FC2044D00A009B8F64 /* AppDelegate.swift */,
				10A152FE2044D00A009B8F64 /* ViewController.swift */,
				10A153002044D00A009B8F64 /* Main.storyboard */,
				10A153032044D00A009B8F64 /* Assets.xcassets */,
				10A153052044D00A009B8F64 /* LaunchScreen.storyboard */,
				10A153082044D00A009B8F64 /* Info.plist */,
				10A1532A2044D216009B8F64 /* CanvasViewController.swift */,
			);
			path = Canvas;
			sourceTree = "<group>";
		};
		10A153102044D00A009B8F64 /* CanvasTests */ = {
			isa = PBXGroup;
			children = (
				10A153112044D00A009B8F64 /* CanvasTests.swift */,
				10A153132044D00A009B8F64 /* Info.plist */,
			);
			path = CanvasTests;
			sourceTree = "<group>";
		};
		10A1531B2044D00A009B8F64 /* CanvasUITests */ = {
			isa = PBXGroup;
			children = (
				10A1531C2044D00A009B8F64 /* CanvasUITests.swift */,
				10A1531E2044D00A009B8F64 /* Info.plist */,
			);
			path = CanvasUITests;
			sourceTree = "<group>";
		};
/* End PBXGroup section */

/* Begin PBXNativeTarget section */
		10A152F82044D00A009B8F64 /* Canvas */ = {
			isa = PBXNativeTarget;
			buildConfigurationList = 10A153212044D00A009B8F64 /* Build configuration list for PBXNativeTarget "Canvas" */;
			buildPhases = (
				10A152F52044D00A009B8F64 /* Sources */,
				10A152F62044D00A009B8F64 /* Frameworks */,
				10A152F72044D00A009B8F64 /* Resources */,
			);
			buildRules = (
			);
			dependencies = (
			);
			name = Canvas;
			productName = Canvas;
			productReference = 10A152F92044D00A009B8F64 /* Canvas.app */;
			productType = "com.apple.product-type.application";
		};
		10A1530C2044D00A009B8F64 /* CanvasTests */ = {
			isa = PBXNativeTarget;
			buildConfigurationList = 10A153242044D00A009B8F64 /* Build configuration list for PBXNativeTarget "CanvasTests" */;
			buildPhases = (
				10A153092044D00A009B8F64 /* Sources */,
				10A1530A2044D00A009B8F64 /* Frameworks */,
				10A1530B2044D00A009B8F64 /* Resources */,
			);
			buildRules = (
			);
			dependencies = (
				10A1530F2044D00A009B8F64 /* PBXTargetDependency */,
			);
			name = CanvasTests;
			productName = CanvasTests;
			productReference = 10A1530D2044D00A009B8F64 /* CanvasTests.xctest */;
			productType = "com.apple.product-type.bundle.unit-test";
		};
		10A153172044D00A009B8F64 /* CanvasUITests */ = {
			isa = PBXNativeTarget;
			buildConfigurationList = 10A153272044D00A009B8F64 /* Build configuration list for PBXNativeTarget "CanvasUITests" */;
			buildPhases = (
				10A153142044D00A009B8F64 /* Sources */,
				10A153152044D00A009B8F64 /* Frameworks */,
				10A153162044D00A009B8F64 /* Resources */,
			);
			buildRules = (
			);
			dependencies = (
				10A1531A2044D00A009B8F64 /* PBXTargetDependency */,
			);
			name = CanvasUITests;
			productName = CanvasUITests;
			productReference = 10A153182044D00A009B8F64 /* CanvasUITests.xctest */;
			productType = "com.apple.product-type.bundle.ui-testing";
		};
/* End PBXNativeTarget section */

/* Begin PBXProject section */
		10A152F12044D009009B8F64 /* Project object */ = {
			isa = PBXProject;
			attributes = {
				LastSwiftUpdateCheck = 0920;
				LastUpgradeCheck = 0920;
				ORGANIZATIONNAME = "Anubhav Saxena";
				TargetAttributes = {
					10A152F82044D00A009B8F64 = {
						CreatedOnToolsVersion = 9.2;
						ProvisioningStyle = Automatic;
					};
					10A1530C2044D00A009B8F64 = {
						CreatedOnToolsVersion = 9.2;
						ProvisioningStyle = Automatic;
						TestTargetID = 10A152F82044D00A009B8F64;
					};
					10A153172044D00A009B8F64 = {
						CreatedOnToolsVersion = 9.2;
						ProvisioningStyle = Automatic;
						TestTargetID = 10A152F82044D00A009B8F64;
					};
				};
			};
			buildConfigurationList = 10A152F42044D00A009B8F64 /* Build configuration list for PBXProject "Canvas" */;
			compatibilityVersion = "Xcode 8.0";
			developmentRegion = en;
			hasScannedForEncodings = 0;
			knownRegions = (
				en,
				Base,
			);
			mainGroup = 10A152F02044D009009B8F64;
			productRefGroup = 10A152FA2044D00A009B8F64 /* Products */;
			projectDirPath = "";
			projectRoot = "";
			targets = (
				10A152F82044D00A009B8F64 /* Canvas */,
				10A1530C2044D00A009B8F64 /* CanvasTests */,
				10A153172044D00A009B8F64 /* CanvasUITests */,
			);
		};
/* End PBXProject section */

/* Begin PBXResourcesBuildPhase section */
		10A152F72044D00A009B8F64 /* Resources */ = {
			isa = PBXResourcesBuildPhase;
			buildActionMask = 2147483647;
			files = (
				10A153072044D00A009B8F64 /* LaunchScreen.storyboard in Resources */,
				10A153042044D00A009B8F64 /* Assets.xcassets in Resources */,
				10A153022044D00A009B8F64 /* Main.storyboard in Resources */,
			);
			runOnlyForDeploymentPostprocessing = 0;
		};
		10A1530B2044D00A009B8F64 /* Resources */ = {
			isa = PBXResourcesBuildPhase;
			buildActionMask = 2147483647;
			files = (
			);
			runOnlyForDeploymentPostprocessing = 0;
		};
		10A153162044D00A009B8F64 /* Resources */ = {
			isa = PBXResourcesBuildPhase;
			buildActionMask = 2147483647;
			files = (
			);
			runOnlyForDeploymentPostprocessing = 0;
		};
/* End PBXResourcesBuildPhase section */

/* Begin PBXSourcesBuildPhase section */
		10A152F52044D00A009B8F64 /* Sources */ = {
			isa = PBXSourcesBuildPhase;
			buildActionMask = 2147483647;
			files = (
				10A152FF2044D00A009B8F64 /* ViewController.swift in Sources */,
				10A1532B2044D216009B8F64 /* CanvasViewController.swift in Sources */,
				10A152FD2044D00A009B8F64 /* AppDelegate.swift in Sources */,
			);
			runOnlyForDeploymentPostprocessing = 0;
		};
		10A153092044D00A009B8F64 /* Sources */ = {
			isa = PBXSourcesBuildPhase;
			buildActionMask = 2147483647;
			files = (
				10A153122044D00A009B8F64 /* CanvasTests.swift in Sources */,
			);
			runOnlyForDeploymentPostprocessing = 0;
		};
		10A153142044D00A009B8F64 /* Sources */ = {
			isa = PBXSourcesBuildPhase;
			buildActionMask = 2147483647;
			files = (
				10A1531D2044D00A009B8F64 /* CanvasUITests.swift in Sources */,
			);
			runOnlyForDeploymentPostprocessing = 0;
		};
/* End PBXSourcesBuildPhase section */

/* Begin PBXTargetDependency section */
		10A1530F2044D00A009B8F64 /* PBXTargetDependency */ = {
			isa = PBXTargetDependency;
			target = 10A152F82044D00A009B8F64 /* Canvas */;
			targetProxy = 10A1530E2044D00A009B8F64 /* PBXContainerItemProxy */;
		};
		10A1531A2044D00A009B8F64 /* PBXTargetDependency */ = {
			isa = PBXTargetDependency;
			target = 10A152F82044D00A009B8F64 /* Canvas */;
			targetProxy = 10A153192044D00A009B8F64 /* PBXContainerItemProxy */;
		};
/* End PBXTargetDependency section */

/* Begin PBXVariantGroup section */
		10A153002044D00A009B8F64 /* Main.storyboard */ = {
			isa = PBXVariantGroup;
			children = (
				10A153012044D00A009B8F64 /* Base */,
			);
			name = Main.storyboard;
			sourceTree = "<group>";
		};
		10A153052044D00A009B8F64 /* LaunchScreen.storyboard */ = {
			isa = PBXVariantGroup;
			children = (
				10A153062044D00A009B8F64 /* Base */,
			);
			name = LaunchScreen.storyboard;
			sourceTree = "<group>";
		};
/* End PBXVariantGroup section */

/* Begin XCBuildConfiguration section */
		10A1531F2044D00A009B8F64 /* Debug */ = {
			isa = XCBuildConfiguration;
			buildSettings = {
				ALWAYS_SEARCH_USER_PATHS = NO;
				CLANG_ANALYZER_NONNULL = YES;
				CLANG_ANALYZER_NUMBER_OBJECT_CONVERSION = YES_AGGRESSIVE;
				CLANG_CXX_LANGUAGE_STANDARD = "gnu++14";
				CLANG_CXX_LIBRARY = "libc++";
				CLANG_ENABLE_MODULES = YES;
				CLANG_ENABLE_OBJC_ARC = YES;
				CLANG_WARN_BLOCK_CAPTURE_AUTORELEASING = YES;
				CLANG_WARN_BOOL_CONVERSION = YES;
				CLANG_WARN_COMMA = YES;
				CLANG_WARN_CONSTANT_CONVERSION = YES;
				CLANG_WARN_DIRECT_OBJC_ISA_USAGE = YES_ERROR;
				CLANG_WARN_DOCUMENTATION_COMMENTS = YES;
				CLANG_WARN_EMPTY_BODY = YES;
				CLANG_WARN_ENUM_CONVERSION = YES;
				CLANG_WARN_INFINITE_RECURSION = YES;
				CLANG_WARN_INT_CONVERSION = YES;
				CLANG_WARN_NON_LITERAL_NULL_CONVERSION = YES;
				CLANG_WARN_OBJC_LITERAL_CONVERSION = YES;
				CLANG_WARN_OBJC_ROOT_CLASS = YES_ERROR;
				CLANG_WARN_RANGE_LOOP_ANALYSIS = YES;
				CLANG_WARN_STRICT_PROTOTYPES = YES;
				CLANG_WARN_SUSPICIOUS_MOVE = YES;
				CLANG_WARN_UNGUARDED_AVAILABILITY = YES_AGGRESSIVE;
				CLANG_WARN_UNREACHABLE_CODE = YES;
				CLANG_WARN__DUPLICATE_METHOD_MATCH = YES;
				CODE_SIGN_IDENTITY = "iPhone Developer";
				COPY_PHASE_STRIP = NO;
				DEBUG_INFORMATION_FORMAT = dwarf;
				ENABLE_STRICT_OBJC_MSGSEND = YES;
				ENABLE_TESTABILITY = YES;
				GCC_C_LANGUAGE_STANDARD = gnu11;
				GCC_DYNAMIC_NO_PIC = NO;
				GCC_NO_COMMON_BLOCKS = YES;
				GCC_OPTIMIZATION_LEVEL = 0;
				GCC_PREPROCESSOR_DEFINITIONS = (
					"DEBUG=1",
					"$(inherited)",
				);
				GCC_WARN_64_TO_32_BIT_CONVERSION = YES;
				GCC_WARN_ABOUT_RETURN_TYPE = YES_ERROR;
				GCC_WARN_UNDECLARED_SELECTOR = YES;
				GCC_WARN_UNINITIALIZED_AUTOS = YES_AGGRESSIVE;
				GCC_WARN_UNUSED_FUNCTION = YES;
				GCC_WARN_UNUSED_VARIABLE = YES;
				IPHONEOS_DEPLOYMENT_TARGET = 11.2;
				MTL_ENABLE_DEBUG_INFO = YES;
				ONLY_ACTIVE_ARCH = YES;
				SDKROOT = iphoneos;
				SWIFT_ACTIVE_COMPILATION_CONDITIONS = DEBUG;
				SWIFT_OPTIMIZATION_LEVEL = "-Onone";
			};
			name = Debug;
		};
		10A153202044D00A009B8F64 /* Release */ = {
			isa = XCBuildConfiguration;
			buildSettings = {
				ALWAYS_SEARCH_USER_PATHS = NO;
				CLANG_ANALYZER_NONNULL = YES;
				CLANG_ANALYZER_NUMBER_OBJECT_CONVERSION = YES_AGGRESSIVE;
				CLANG_CXX_LANGUAGE_STANDARD = "gnu++14";
				CLANG_CXX_LIBRARY = "libc++";
				CLANG_ENABLE_MODULES = YES;
				CLANG_ENABLE_OBJC_ARC = YES;
				CLANG_WARN_BLOCK_CAPTURE_AUTORELEASING = YES;
				CLANG_WARN_BOOL_CONVERSION = YES;
				CLANG_WARN_COMMA = YES;
				CLANG_WARN_CONSTANT_CONVERSION = YES;
				CLANG_WARN_DIRECT_OBJC_ISA_USAGE = YES_ERROR;
				CLANG_WARN_DOCUMENTATION_COMMENTS = YES;
				CLANG_WARN_EMPTY_BODY = YES;
				CLANG_WARN_ENUM_CONVERSION = YES;
				CLANG_WARN_INFINITE_RECURSION = YES;
				CLANG_WARN_INT_CONVERSION = YES;
				CLANG_WARN_NON_LITERAL_NULL_CONVERSION = YES;
				CLANG_WARN_OBJC_LITERAL_CONVERSION = YES;
				CLANG_WARN_OBJC_ROOT_CLASS = YES_ERROR;
				CLANG_WARN_RANGE_LOOP_ANALYSIS = YES;
				CLANG_WARN_STRICT_PROTOTYPES = YES;
				CLANG_WARN_SUSPICIOUS_MOVE = YES;
				CLANG_WARN_UNGUARDED_AVAILABILITY = YES_AGGRESSIVE;
				CLANG_WARN_UNREACHABLE_CODE = YES;
				CLANG_WARN__DUPLICATE_METHOD_MATCH = YES;
				CODE_SIGN_IDENTITY = "iPhone Developer";
				COPY_PHASE_STRIP = NO;
				DEBUG_INFORMATION_FORMAT = "dwarf-with-dsym";
				ENABLE_NS_ASSERTIONS = NO;
				ENABLE_STRICT_OBJC_MSGSEND = YES;
				GCC_C_LANGUAGE_STANDARD = gnu11;
				GCC_NO_COMMON_BLOCKS = YES;
				GCC_WARN_64_TO_32_BIT_CONVERSION = YES;
				GCC_WARN_ABOUT_RETURN_TYPE = YES_ERROR;
				GCC_WARN_UNDECLARED_SELECTOR = YES;
				GCC_WARN_UNINITIALIZED_AUTOS = YES_AGGRESSIVE;
				GCC_WARN_UNUSED_FUNCTION = YES;
				GCC_WARN_UNUSED_VARIABLE = YES;
				IPHONEOS_DEPLOYMENT_TARGET = 11.2;
				MTL_ENABLE_DEBUG_INFO = NO;
				SDKROOT = iphoneos;
				SWIFT_OPTIMIZATION_LEVEL = "-Owholemodule";
				VALIDATE_PRODUCT = YES;
			};
			name = Release;
		};
		10A153222044D00A009B8F64 /* Debug */ = {
			isa = XCBuildConfiguration;
			buildSettings = {
				ASSETCATALOG_COMPILER_APPICON_NAME = AppIcon;
				CODE_SIGN_STYLE = Automatic;
				DEVELOPMENT_TEAM = 7WFBMBC9P8;
				INFOPLIST_FILE = Canvas/Info.plist;
				LD_RUNPATH_SEARCH_PATHS = "$(inherited) @executable_path/Frameworks";
				PRODUCT_BUNDLE_IDENTIFIER = xyz.saxena.Canvas;
				PRODUCT_NAME = "$(TARGET_NAME)";
				SWIFT_VERSION = 4.0;
				TARGETED_DEVICE_FAMILY = "1,2";
			};
			name = Debug;
		};
		10A153232044D00A009B8F64 /* Release */ = {
			isa = XCBuildConfiguration;
			buildSettings = {
				ASSETCATALOG_COMPILER_APPICON_NAME = AppIcon;
				CODE_SIGN_STYLE = Automatic;
				DEVELOPMENT_TEAM = 7WFBMBC9P8;
				INFOPLIST_FILE = Canvas/Info.plist;
				LD_RUNPATH_SEARCH_PATHS = "$(inherited) @executable_path/Frameworks";
				PRODUCT_BUNDLE_IDENTIFIER = xyz.saxena.Canvas;
				PRODUCT_NAME = "$(TARGET_NAME)";
				SWIFT_VERSION = 4.0;
				TARGETED_DEVICE_FAMILY = "1,2";
			};
			name = Release;
		};
		10A153252044D00A009B8F64 /* Debug */ = {
			isa = XCBuildConfiguration;
			buildSettings = {
				ALWAYS_EMBED_SWIFT_STANDARD_LIBRARIES = YES;
				BUNDLE_LOADER = "$(TEST_HOST)";
				CODE_SIGN_STYLE = Automatic;
				DEVELOPMENT_TEAM = 7WFBMBC9P8;
				INFOPLIST_FILE = CanvasTests/Info.plist;
				LD_RUNPATH_SEARCH_PATHS = "$(inherited) @executable_path/Frameworks @loader_path/Frameworks";
				PRODUCT_BUNDLE_IDENTIFIER = xyz.saxena.CanvasTests;
				PRODUCT_NAME = "$(TARGET_NAME)";
				SWIFT_VERSION = 4.0;
				TARGETED_DEVICE_FAMILY = "1,2";
				TEST_HOST = "$(BUILT_PRODUCTS_DIR)/Canvas.app/Canvas";
			};
			name = Debug;
		};
		10A153262044D00A009B8F64 /* Release */ = {
			isa = XCBuildConfiguration;
			buildSettings = {
				ALWAYS_EMBED_SWIFT_STANDARD_LIBRARIES = YES;
				BUNDLE_LOADER = "$(TEST_HOST)";
				CODE_SIGN_STYLE = Automatic;
				DEVELOPMENT_TEAM = 7WFBMBC9P8;
				INFOPLIST_FILE = CanvasTests/Info.plist;
				LD_RUNPATH_SEARCH_PATHS = "$(inherited) @executable_path/Frameworks @loader_path/Frameworks";
				PRODUCT_BUNDLE_IDENTIFIER = xyz.saxena.CanvasTests;
				PRODUCT_NAME = "$(TARGET_NAME)";
				SWIFT_VERSION = 4.0;
				TARGETED_DEVICE_FAMILY = "1,2";
				TEST_HOST = "$(BUILT_PRODUCTS_DIR)/Canvas.app/Canvas";
			};
			name = Release;
		};
		10A153282044D00A009B8F64 /* Debug */ = {
			isa = XCBuildConfiguration;
			buildSettings = {
				ALWAYS_EMBED_SWIFT_STANDARD_LIBRARIES = YES;
				CODE_SIGN_STYLE = Automatic;
				DEVELOPMENT_TEAM = 7WFBMBC9P8;
				INFOPLIST_FILE = CanvasUITests/Info.plist;
				LD_RUNPATH_SEARCH_PATHS = "$(inherited) @executable_path/Frameworks @loader_path/Frameworks";
				PRODUCT_BUNDLE_IDENTIFIER = xyz.saxena.CanvasUITests;
				PRODUCT_NAME = "$(TARGET_NAME)";
				SWIFT_VERSION = 4.0;
				TARGETED_DEVICE_FAMILY = "1,2";
				TEST_TARGET_NAME = Canvas;
			};
			name = Debug;
		};
		10A153292044D00A009B8F64 /* Release */ = {
			isa = XCBuildConfiguration;
			buildSettings = {
				ALWAYS_EMBED_SWIFT_STANDARD_LIBRARIES = YES;
				CODE_SIGN_STYLE = Automatic;
				DEVELOPMENT_TEAM = 7WFBMBC9P8;
				INFOPLIST_FILE = CanvasUITests/Info.plist;
				LD_RUNPATH_SEARCH_PATHS = "$(inherited) @executable_path/Frameworks @loader_path/Frameworks";
				PRODUCT_BUNDLE_IDENTIFIER = xyz.saxena.CanvasUITests;
				PRODUCT_NAME = "$(TARGET_NAME)";
				SWIFT_VERSION = 4.0;
				TARGETED_DEVICE_FAMILY = "1,2";
				TEST_TARGET_NAME = Canvas;
			};
			name = Release;
		};
/* End XCBuildConfiguration section */

/* Begin XCConfigurationList section */
		10A152F42044D00A009B8F64 /* Build configuration list for PBXProject "Canvas" */ = {
			isa = XCConfigurationList;
			buildConfigurations = (
				10A1531F2044D00A009B8F64 /* Debug */,
				10A153202044D00A009B8F64 /* Release */,
			);
			defaultConfigurationIsVisible = 0;
			defaultConfigurationName = Release;
		};
		10A153212044D00A009B8F64 /* Build configuration list for PBXNativeTarget "Canvas" */ = {
			isa = XCConfigurationList;
			buildConfigurations = (
				10A153222044D00A009B8F64 /* Debug */,
				10A153232044D00A009B8F64 /* Release */,
			);
			defaultConfigurationIsVisible = 0;
			defaultConfigurationName = Release;
		};
		10A153242044D00A009B8F64 /* Build configuration list for PBXNativeTarget "CanvasTests" */ = {
			isa = XCConfigurationList;
			buildConfigurations = (
				10A153252044D00A009B8F64 /* Debug */,
				10A153262044D00A009B8F64 /* Release */,
			);
			defaultConfigurationIsVisible = 0;
			defaultConfigurationName = Release;
		};
		10A153272044D00A009B8F64 /* Build configuration list for PBXNativeTarget "CanvasUITests" */ = {
			isa = XCConfigurationList;
			buildConfigurations = (
				10A153282044D00A009B8F64 /* Debug */,
				10A153292044D00A009B8F64 /* Release */,
			);
			defaultConfigurationIsVisible = 0;
			defaultConfigurationName = Release;
		};
/* End XCConfigurationList section */
	};
	rootObject = 10A152F12044D009009B8F64 /* Project object */;
}
